# THIS IS AN AUTOGENERATED FILE. DO NOT EDIT THIS FILE DIRECTLY.
# yarn lockfile v1


markdown-it-include@^1.0.0:
  version "1.0.0"
  resolved "http://registry.npm.taobao.org/markdown-it-include/download/markdown-it-include-1.0.0.tgz#b76b51026d7e5e9c715a77bca464799719346c20"
  integrity sha1-t2tRAm1+XpxxWne8pGR5lxk0bCA=

markdown-it-mark@^2.0.0:
  version "2.0.0"
  resolved "http://registry.npm.taobao.org/markdown-it-mark/download/markdown-it-mark-2.0.0.tgz#46a1aa947105aed8188978e0a016179e404f42c7"
  integrity sha1-RqGqlHEFrtgYiXjgoBYXnkBPQsc=
